// !$*UTF8*$!
{
	archiveVersion = 1;
	classes = {
	};
	objectVersion = 56;
	objects = {

/* Begin PBXBuildFile section */
		CE2998D42CD02A01007EF591 /* HomeViewModel.swift in Sources */ = {isa = PBXBuildFile; fileRef = CE2998D32CD02A01007EF591 /* HomeViewModel.swift */; };
		CE2998D82CD02AFA007EF591 /* InputText.swift in Sources */ = {isa = PBXBuildFile; fileRef = CE2998D72CD02AFA007EF591 /* InputText.swift */; };
		CE2998DA2CD02F16007EF591 /* CategoryList.swift in Sources */ = {isa = PBXBuildFile; fileRef = CE2998D92CD02F16007EF591 /* CategoryList.swift */; };
		CE2998DC2CD03192007EF591 /* Banner.swift in Sources */ = {isa = PBXBuildFile; fileRef = CE2998DB2CD03192007EF591 /* Banner.swift */; };
		CE3E9DE12CDA9BFB004386DE /* ProductDetailViewModel.swift in Sources */ = {isa = PBXBuildFile; fileRef = CE3E9DE02CDA9BFB004386DE /* ProductDetailViewModel.swift */; };
		CE3E9DE32CDAA36F004386DE /* Review.swift in Sources */ = {isa = PBXBuildFile; fileRef = CE3E9DE22CDAA36F004386DE /* Review.swift */; };
		CE6BAD972D32AB69000FE697 /* PurchasedItem.swift in Sources */ = {isa = PBXBuildFile; fileRef = CE6BAD962D32AB69000FE697 /* PurchasedItem.swift */; };
		CE6BAD992D32AD6C000FE697 /* ShoppingCart.swift in Sources */ = {isa = PBXBuildFile; fileRef = CE6BAD982D32AD6C000FE697 /* ShoppingCart.swift */; };
		CE7C98692D09B3B400F52BA6 /* ECommerceService.swift in Sources */ = {isa = PBXBuildFile; fileRef = CE7C98682D09B3B400F52BA6 /* ECommerceService.swift */; };
		CE7C986C2D09B47600F52BA6 /* Alamofire in Frameworks */ = {isa = PBXBuildFile; productRef = CE7C986B2D09B47600F52BA6 /* Alamofire */; };
		CE7C986E2D09B98C00F52BA6 /* Headphone.swift in Sources */ = {isa = PBXBuildFile; fileRef = CE7C986D2D09B98C00F52BA6 /* Headphone.swift */; };
		CE7C98712D0A22FB00F52BA6 /* Kingfisher in Frameworks */ = {isa = PBXBuildFile; productRef = CE7C98702D0A22FB00F52BA6 /* Kingfisher */; };
		CE85EAE42CCCF4C400F881BD /* E_CommerceApp.swift in Sources */ = {isa = PBXBuildFile; fileRef = CE85EAE32CCCF4C400F881BD /* E_CommerceApp.swift */; };
		CE85EAE62CCCF4C400F881BD /* ContentView.swift in Sources */ = {isa = PBXBuildFile; fileRef = CE85EAE52CCCF4C400F881BD /* ContentView.swift */; };
		CE85EAE82CCCF4C800F881BD /* Assets.xcassets in Resources */ = {isa = PBXBuildFile; fileRef = CE85EAE72CCCF4C800F881BD /* Assets.xcassets */; };
		CE85EAEB2CCCF4C800F881BD /* Preview Assets.xcassets in Resources */ = {isa = PBXBuildFile; fileRef = CE85EAEA2CCCF4C800F881BD /* Preview Assets.xcassets */; };
		CE85EAFC2CCCF8F900F881BD /* Images.xcassets in Resources */ = {isa = PBXBuildFile; fileRef = CE85EAFB2CCCF8F900F881BD /* Images.xcassets */; };
		CE85EAFE2CCCF91400F881BD /* Colors.xcassets in Resources */ = {isa = PBXBuildFile; fileRef = CE85EAFD2CCCF91400F881BD /* Colors.xcassets */; };
		CE85EB012CCCFA1A00F881BD /* Colors.swift in Sources */ = {isa = PBXBuildFile; fileRef = CE85EB002CCCFA1A00F881BD /* Colors.swift */; };
		CE85EB042CCCFC3C00F881BD /* LoginView.swift in Sources */ = {isa = PBXBuildFile; fileRef = CE85EB032CCCFC3C00F881BD /* LoginView.swift */; };
		CE85EB062CCD004000F881BD /* DMSans.ttf in Resources */ = {isa = PBXBuildFile; fileRef = CE85EB052CCD004000F881BD /* DMSans.ttf */; };
		CE85EB0A2CCD019000F881BD /* Fonts.swift in Sources */ = {isa = PBXBuildFile; fileRef = CE85EB092CCD019000F881BD /* Fonts.swift */; };
		CE85EB102CCD06A700F881BD /* LoginViewModel.swift in Sources */ = {isa = PBXBuildFile; fileRef = CE85EB0F2CCD06A700F881BD /* LoginViewModel.swift */; };
		CE85EB122CCD0B8100F881BD /* PrimaryButton.swift in Sources */ = {isa = PBXBuildFile; fileRef = CE85EB112CCD0B8100F881BD /* PrimaryButton.swift */; };
		CE85EB142CCD28A300F881BD /* SignupView.swift in Sources */ = {isa = PBXBuildFile; fileRef = CE85EB132CCD28A300F881BD /* SignupView.swift */; };
		CEA5A9482D68C31C0069341A /* ProfileView.swift in Sources */ = {isa = PBXBuildFile; fileRef = CEA5A9472D68C31C0069341A /* ProfileView.swift */; };
		CEA5A94B2D6C62DE0069341A /* FirebaseAuth in Frameworks */ = {isa = PBXBuildFile; productRef = CEA5A94A2D6C62DE0069341A /* FirebaseAuth */; };
		CEA5A94D2D6C62DE0069341A /* FirebaseCore in Frameworks */ = {isa = PBXBuildFile; productRef = CEA5A94C2D6C62DE0069341A /* FirebaseCore */; };
		CEA5A94F2D6C62DE0069341A /* FirebaseDatabase in Frameworks */ = {isa = PBXBuildFile; productRef = CEA5A94E2D6C62DE0069341A /* FirebaseDatabase */; };
		CEA5A9512D6C62DE0069341A /* FirebaseFirestore in Frameworks */ = {isa = PBXBuildFile; productRef = CEA5A9502D6C62DE0069341A /* FirebaseFirestore */; };
		CEA5A9532D6C62DE0069341A /* FirebaseStorage in Frameworks */ = {isa = PBXBuildFile; productRef = CEA5A9522D6C62DE0069341A /* FirebaseStorage */; };
		CEA5A9562D6C64CE0069341A /* FirebaseService.swift in Sources */ = {isa = PBXBuildFile; fileRef = CEA5A9552D6C64CE0069341A /* FirebaseService.swift */; };
		CEA5A9582D6F0E270069341A /* ProfileViewModel.swift in Sources */ = {isa = PBXBuildFile; fileRef = CEA5A9572D6F0E270069341A /* ProfileViewModel.swift */; };
		CEA5A95C2D7046B60069341A /* GoogleService-Info.plist in Resources */ = {isa = PBXBuildFile; fileRef = CEA5A95B2D7046B60069341A /* GoogleService-Info.plist */; };
		CEA5A95E2D75E0DA0069341A /* EditProfileView.swift in Sources */ = {isa = PBXBuildFile; fileRef = CEA5A95D2D75E0DA0069341A /* EditProfileView.swift */; };
		CEB636D92D3156D60071C71E /* ShoppingCartView.swift in Sources */ = {isa = PBXBuildFile; fileRef = CEB636D82D3156D60071C71E /* ShoppingCartView.swift */; };
		CEB636DB2D3159C00071C71E /* PurchasedProductsViewModel.swift in Sources */ = {isa = PBXBuildFile; fileRef = CEB636DA2D3159C00071C71E /* PurchasedProductsViewModel.swift */; };
		CEB636DD2D315DCB0071C71E /* ProductDetail.swift in Sources */ = {isa = PBXBuildFile; fileRef = CEB636DC2D315DCB0071C71E /* ProductDetail.swift */; };
		CEB9363F2D1055EE004BF5D7 /* SortOption.swift in Sources */ = {isa = PBXBuildFile; fileRef = CEB9363E2D1055EE004BF5D7 /* SortOption.swift */; };
		CEC3463E2D5B8552001E5513 /* Router.swift in Sources */ = {isa = PBXBuildFile; fileRef = CEC3463D2D5B8552001E5513 /* Router.swift */; };
		CEC385F82CD2C69100A662BD /* InputTextField.swift in Sources */ = {isa = PBXBuildFile; fileRef = CEC385F72CD2C69100A662BD /* InputTextField.swift */; };
		CEC386002CD2CFC500A662BD /* SearchViewModel.swift in Sources */ = {isa = PBXBuildFile; fileRef = CEC385FF2CD2CFC500A662BD /* SearchViewModel.swift */; };
		CEC613DF2CD65B9600E96754 /* ExploreProductsView.swift in Sources */ = {isa = PBXBuildFile; fileRef = CEC613DE2CD65B9600E96754 /* ExploreProductsView.swift */; };
		CEC613E32CD65CFF00E96754 /* ExploreProductsViewModel.swift in Sources */ = {isa = PBXBuildFile; fileRef = CEC613E22CD65CFF00E96754 /* ExploreProductsViewModel.swift */; };
		CEC613E52CD66A9700E96754 /* Filter.swift in Sources */ = {isa = PBXBuildFile; fileRef = CEC613E42CD66A9700E96754 /* Filter.swift */; };
		CEE9BCF92CDA510500315663 /* ProductDetailView.swift in Sources */ = {isa = PBXBuildFile; fileRef = CEE9BCF82CDA510500315663 /* ProductDetailView.swift */; };
		CEF1646D2CCF860900D7E10C /* ScreenSizes.swift in Sources */ = {isa = PBXBuildFile; fileRef = CEF1646C2CCF860900D7E10C /* ScreenSizes.swift */; };
		CEF164722CCF88F900D7E10C /* SignupViewModel.swift in Sources */ = {isa = PBXBuildFile; fileRef = CEF164712CCF88F900D7E10C /* SignupViewModel.swift */; };
		CEF164742CCF8E7200D7E10C /* AuthButton.swift in Sources */ = {isa = PBXBuildFile; fileRef = CEF164732CCF8E7200D7E10C /* AuthButton.swift */; };
		CEF1647B2CCF938600D7E10C /* HomeView.swift in Sources */ = {isa = PBXBuildFile; fileRef = CEF1647A2CCF938600D7E10C /* HomeView.swift */; };
		CEFFB1D92CD0E9ED008407A8 /* SmallBanner.swift in Sources */ = {isa = PBXBuildFile; fileRef = CEFFB1D82CD0E9ED008407A8 /* SmallBanner.swift */; };
		CEFFB1DB2CD0EF76008407A8 /* Destination.swift in Sources */ = {isa = PBXBuildFile; fileRef = CEFFB1DA2CD0EF76008407A8 /* Destination.swift */; };
		CEFFB1DE2CD0EFF0008407A8 /* SearchView.swift in Sources */ = {isa = PBXBuildFile; fileRef = CEFFB1DD2CD0EFF0008407A8 /* SearchView.swift */; };
/* End PBXBuildFile section */

/* Begin PBXFileReference section */
		CE2998D32CD02A01007EF591 /* HomeViewModel.swift */ = {isa = PBXFileReference; lastKnownFileType = sourcecode.swift; path = HomeViewModel.swift; sourceTree = "<group>"; };
		CE2998D72CD02AFA007EF591 /* InputText.swift */ = {isa = PBXFileReference; lastKnownFileType = sourcecode.swift; path = InputText.swift; sourceTree = "<group>"; };
		CE2998D92CD02F16007EF591 /* CategoryList.swift */ = {isa = PBXFileReference; lastKnownFileType = sourcecode.swift; path = CategoryList.swift; sourceTree = "<group>"; };
		CE2998DB2CD03192007EF591 /* Banner.swift */ = {isa = PBXFileReference; lastKnownFileType = sourcecode.swift; path = Banner.swift; sourceTree = "<group>"; };
		CE3E9DE02CDA9BFB004386DE /* ProductDetailViewModel.swift */ = {isa = PBXFileReference; lastKnownFileType = sourcecode.swift; path = ProductDetailViewModel.swift; sourceTree = "<group>"; };
		CE3E9DE22CDAA36F004386DE /* Review.swift */ = {isa = PBXFileReference; lastKnownFileType = sourcecode.swift; path = Review.swift; sourceTree = "<group>"; };
		CE6BAD962D32AB69000FE697 /* PurchasedItem.swift */ = {isa = PBXFileReference; lastKnownFileType = sourcecode.swift; path = PurchasedItem.swift; sourceTree = "<group>"; };
		CE6BAD982D32AD6C000FE697 /* ShoppingCart.swift */ = {isa = PBXFileReference; lastKnownFileType = sourcecode.swift; path = ShoppingCart.swift; sourceTree = "<group>"; };
		CE7C98682D09B3B400F52BA6 /* ECommerceService.swift */ = {isa = PBXFileReference; lastKnownFileType = sourcecode.swift; path = ECommerceService.swift; sourceTree = "<group>"; };
		CE7C986D2D09B98C00F52BA6 /* Headphone.swift */ = {isa = PBXFileReference; lastKnownFileType = sourcecode.swift; path = Headphone.swift; sourceTree = "<group>"; };
		CE85EAE02CCCF4C400F881BD /* E-Commerce.app */ = {isa = PBXFileReference; explicitFileType = wrapper.application; includeInIndex = 0; path = "E-Commerce.app"; sourceTree = BUILT_PRODUCTS_DIR; };
		CE85EAE32CCCF4C400F881BD /* E_CommerceApp.swift */ = {isa = PBXFileReference; lastKnownFileType = sourcecode.swift; path = E_CommerceApp.swift; sourceTree = "<group>"; };
		CE85EAE52CCCF4C400F881BD /* ContentView.swift */ = {isa = PBXFileReference; lastKnownFileType = sourcecode.swift; path = ContentView.swift; sourceTree = "<group>"; };
		CE85EAE72CCCF4C800F881BD /* Assets.xcassets */ = {isa = PBXFileReference; lastKnownFileType = folder.assetcatalog; path = Assets.xcassets; sourceTree = "<group>"; };
		CE85EAEA2CCCF4C800F881BD /* Preview Assets.xcassets */ = {isa = PBXFileReference; lastKnownFileType = folder.assetcatalog; path = "Preview Assets.xcassets"; sourceTree = "<group>"; };
		CE85EAFB2CCCF8F900F881BD /* Images.xcassets */ = {isa = PBXFileReference; lastKnownFileType = folder.assetcatalog; path = Images.xcassets; sourceTree = "<group>"; };
		CE85EAFD2CCCF91400F881BD /* Colors.xcassets */ = {isa = PBXFileReference; lastKnownFileType = folder.assetcatalog; path = Colors.xcassets; sourceTree = "<group>"; };
		CE85EB002CCCFA1A00F881BD /* Colors.swift */ = {isa = PBXFileReference; lastKnownFileType = sourcecode.swift; path = Colors.swift; sourceTree = "<group>"; };
		CE85EB032CCCFC3C00F881BD /* LoginView.swift */ = {isa = PBXFileReference; lastKnownFileType = sourcecode.swift; path = LoginView.swift; sourceTree = "<group>"; };
		CE85EB052CCD004000F881BD /* DMSans.ttf */ = {isa = PBXFileReference; lastKnownFileType = file; path = DMSans.ttf; sourceTree = "<group>"; };
		CE85EB082CCD012400F881BD /* Info.plist */ = {isa = PBXFileReference; lastKnownFileType = text.plist; path = Info.plist; sourceTree = "<group>"; };
		CE85EB092CCD019000F881BD /* Fonts.swift */ = {isa = PBXFileReference; lastKnownFileType = sourcecode.swift; path = Fonts.swift; sourceTree = "<group>"; };
		CE85EB0F2CCD06A700F881BD /* LoginViewModel.swift */ = {isa = PBXFileReference; lastKnownFileType = sourcecode.swift; path = LoginViewModel.swift; sourceTree = "<group>"; };
		CE85EB112CCD0B8100F881BD /* PrimaryButton.swift */ = {isa = PBXFileReference; lastKnownFileType = sourcecode.swift; path = PrimaryButton.swift; sourceTree = "<group>"; };
		CE85EB132CCD28A300F881BD /* SignupView.swift */ = {isa = PBXFileReference; lastKnownFileType = sourcecode.swift; path = SignupView.swift; sourceTree = "<group>"; };
		CEA5A9472D68C31C0069341A /* ProfileView.swift */ = {isa = PBXFileReference; lastKnownFileType = sourcecode.swift; path = ProfileView.swift; sourceTree = "<group>"; };
		CEA5A9552D6C64CE0069341A /* FirebaseService.swift */ = {isa = PBXFileReference; lastKnownFileType = sourcecode.swift; path = FirebaseService.swift; sourceTree = "<group>"; };
		CEA5A9572D6F0E270069341A /* ProfileViewModel.swift */ = {isa = PBXFileReference; lastKnownFileType = sourcecode.swift; path = ProfileViewModel.swift; sourceTree = "<group>"; };
		CEA5A95B2D7046B60069341A /* GoogleService-Info.plist */ = {isa = PBXFileReference; fileEncoding = 4; lastKnownFileType = text.plist.xml; path = "GoogleService-Info.plist"; sourceTree = "<group>"; };
		CEA5A95D2D75E0DA0069341A /* EditProfileView.swift */ = {isa = PBXFileReference; lastKnownFileType = sourcecode.swift; path = EditProfileView.swift; sourceTree = "<group>"; };
		CEB636D82D3156D60071C71E /* ShoppingCartView.swift */ = {isa = PBXFileReference; lastKnownFileType = sourcecode.swift; path = ShoppingCartView.swift; sourceTree = "<group>"; };
		CEB636DA2D3159C00071C71E /* PurchasedProductsViewModel.swift */ = {isa = PBXFileReference; lastKnownFileType = sourcecode.swift; path = PurchasedProductsViewModel.swift; sourceTree = "<group>"; };
		CEB636DC2D315DCB0071C71E /* ProductDetail.swift */ = {isa = PBXFileReference; lastKnownFileType = sourcecode.swift; path = ProductDetail.swift; sourceTree = "<group>"; };
		CEB9363E2D1055EE004BF5D7 /* SortOption.swift */ = {isa = PBXFileReference; lastKnownFileType = sourcecode.swift; path = SortOption.swift; sourceTree = "<group>"; };
		CEC3463D2D5B8552001E5513 /* Router.swift */ = {isa = PBXFileReference; lastKnownFileType = sourcecode.swift; path = Router.swift; sourceTree = "<group>"; };
		CEC385F72CD2C69100A662BD /* InputTextField.swift */ = {isa = PBXFileReference; lastKnownFileType = sourcecode.swift; path = InputTextField.swift; sourceTree = "<group>"; };
		CEC385FF2CD2CFC500A662BD /* SearchViewModel.swift */ = {isa = PBXFileReference; lastKnownFileType = sourcecode.swift; path = SearchViewModel.swift; sourceTree = "<group>"; };
		CEC613DE2CD65B9600E96754 /* ExploreProductsView.swift */ = {isa = PBXFileReference; lastKnownFileType = sourcecode.swift; path = ExploreProductsView.swift; sourceTree = "<group>"; };
		CEC613E22CD65CFF00E96754 /* ExploreProductsViewModel.swift */ = {isa = PBXFileReference; lastKnownFileType = sourcecode.swift; path = ExploreProductsViewModel.swift; sourceTree = "<group>"; };
		CEC613E42CD66A9700E96754 /* Filter.swift */ = {isa = PBXFileReference; lastKnownFileType = sourcecode.swift; path = Filter.swift; sourceTree = "<group>"; };
		CEE9BCF82CDA510500315663 /* ProductDetailView.swift */ = {isa = PBXFileReference; lastKnownFileType = sourcecode.swift; path = ProductDetailView.swift; sourceTree = "<group>"; };
		CEF1646C2CCF860900D7E10C /* ScreenSizes.swift */ = {isa = PBXFileReference; lastKnownFileType = sourcecode.swift; path = ScreenSizes.swift; sourceTree = "<group>"; };
		CEF164712CCF88F900D7E10C /* SignupViewModel.swift */ = {isa = PBXFileReference; lastKnownFileType = sourcecode.swift; path = SignupViewModel.swift; sourceTree = "<group>"; };
		CEF164732CCF8E7200D7E10C /* AuthButton.swift */ = {isa = PBXFileReference; lastKnownFileType = sourcecode.swift; path = AuthButton.swift; sourceTree = "<group>"; };
		CEF1647A2CCF938600D7E10C /* HomeView.swift */ = {isa = PBXFileReference; lastKnownFileType = sourcecode.swift; path = HomeView.swift; sourceTree = "<group>"; };
		CEFFB1D82CD0E9ED008407A8 /* SmallBanner.swift */ = {isa = PBXFileReference; lastKnownFileType = sourcecode.swift; path = SmallBanner.swift; sourceTree = "<group>"; };
		CEFFB1DA2CD0EF76008407A8 /* Destination.swift */ = {isa = PBXFileReference; lastKnownFileType = sourcecode.swift; path = Destination.swift; sourceTree = "<group>"; };
		CEFFB1DD2CD0EFF0008407A8 /* SearchView.swift */ = {isa = PBXFileReference; lastKnownFileType = sourcecode.swift; path = SearchView.swift; sourceTree = "<group>"; };
/* End PBXFileReference section */

/* Begin PBXFrameworksBuildPhase section */
		CE85EADD2CCCF4C400F881BD /* Frameworks */ = {
			isa = PBXFrameworksBuildPhase;
			buildActionMask = 2147483647;
			files = (
				CEA5A94F2D6C62DE0069341A /* FirebaseDatabase in Frameworks */,
				CE7C98712D0A22FB00F52BA6 /* Kingfisher in Frameworks */,
				CEA5A94B2D6C62DE0069341A /* FirebaseAuth in Frameworks */,
				CEA5A94D2D6C62DE0069341A /* FirebaseCore in Frameworks */,
				CEA5A9532D6C62DE0069341A /* FirebaseStorage in Frameworks */,
				CE7C986C2D09B47600F52BA6 /* Alamofire in Frameworks */,
				CEA5A9512D6C62DE0069341A /* FirebaseFirestore in Frameworks */,
			);
			runOnlyForDeploymentPostprocessing = 0;
		};
/* End PBXFrameworksBuildPhase section */

/* Begin PBXGroup section */
		CE7C98672D09B38900F52BA6 /* Networking */ = {
			isa = PBXGroup;
			children = (
				CE7C98682D09B3B400F52BA6 /* ECommerceService.swift */,
			);
			path = Networking;
			sourceTree = "<group>";
		};
		CE85EAD72CCCF4C400F881BD = {
			isa = PBXGroup;
			children = (
				CE85EAE22CCCF4C400F881BD /* E-Commerce */,
				CE85EAE12CCCF4C400F881BD /* Products */,
			);
			sourceTree = "<group>";
		};
		CE85EAE12CCCF4C400F881BD /* Products */ = {
			isa = PBXGroup;
			children = (
				CE85EAE02CCCF4C400F881BD /* E-Commerce.app */,
			);
			name = Products;
			sourceTree = "<group>";
		};
		CE85EAE22CCCF4C400F881BD /* E-Commerce */ = {
			isa = PBXGroup;
			children = (
				CE85EB082CCD012400F881BD /* Info.plist */,
				CEA5A95B2D7046B60069341A /* GoogleService-Info.plist */,
				CE85EAE32CCCF4C400F881BD /* E_CommerceApp.swift */,
				CE85EAE52CCCF4C400F881BD /* ContentView.swift */,
				CE85EAF12CCCF63900F881BD /* Core */,
				CE85EAF22CCCF64100F881BD /* Feature */,
				CE85EAF32CCCF64700F881BD /* Components */,
				CE85EAF42CCCF65E00F881BD /* Resources */,
				CE85EAF52CCCF68C00F881BD /* Utils */,
				CE85EAE92CCCF4C800F881BD /* Preview Content */,
			);
			path = "E-Commerce";
			sourceTree = "<group>";
		};
		CE85EAE92CCCF4C800F881BD /* Preview Content */ = {
			isa = PBXGroup;
			children = (
				CE85EAEA2CCCF4C800F881BD /* Preview Assets.xcassets */,
			);
			path = "Preview Content";
			sourceTree = "<group>";
		};
		CE85EAF12CCCF63900F881BD /* Core */ = {
			isa = PBXGroup;
			children = (
				CEA5A9542D6C63800069341A /* Firebase */,
				CEC3463C2D5B8540001E5513 /* Routing */,
				CE7C98672D09B38900F52BA6 /* Networking */,
			);
			path = Core;
			sourceTree = "<group>";
		};
		CE85EAF22CCCF64100F881BD /* Feature */ = {
			isa = PBXGroup;
			children = (
				CE85EB022CCCFC0E00F881BD /* Auth */,
				CEF164792CCF933C00D7E10C /* Home */,
				CEFFB1DC2CD0EFD3008407A8 /* Search */,
				CEC613DD2CD65B6A00E96754 /* Explore Products */,
				CEE9BCF72CDA50E700315663 /* Product Detail */,
				CEA5A9462D68C3010069341A /* Profile */,
				CEB636D72D3156AB0071C71E /* Shoppinng Cart */,
			);
			path = Feature;
			sourceTree = "<group>";
		};
		CE85EAF32CCCF64700F881BD /* Components */ = {
			isa = PBXGroup;
			children = (
				CE85EB112CCD0B8100F881BD /* PrimaryButton.swift */,
				CEF164732CCF8E7200D7E10C /* AuthButton.swift */,
				CE2998D72CD02AFA007EF591 /* InputText.swift */,
				CE2998D92CD02F16007EF591 /* CategoryList.swift */,
				CE2998DB2CD03192007EF591 /* Banner.swift */,
				CEFFB1D82CD0E9ED008407A8 /* SmallBanner.swift */,
				CEC385F72CD2C69100A662BD /* InputTextField.swift */,
				CEC613E42CD66A9700E96754 /* Filter.swift */,
				CE3E9DE22CDAA36F004386DE /* Review.swift */,
				CE6BAD982D32AD6C000FE697 /* ShoppingCart.swift */,
			);
			path = Components;
			sourceTree = "<group>";
		};
		CE85EAF42CCCF65E00F881BD /* Resources */ = {
			isa = PBXGroup;
			children = (
				CE85EAFB2CCCF8F900F881BD /* Images.xcassets */,
				CE85EAFD2CCCF91400F881BD /* Colors.xcassets */,
				CE85EAE72CCCF4C800F881BD /* Assets.xcassets */,
			);
			path = Resources;
			sourceTree = "<group>";
		};
		CE85EAF52CCCF68C00F881BD /* Utils */ = {
			isa = PBXGroup;
			children = (
				CEF1646B2CCF85FA00D7E10C /* Enums */,
				CE85EB072CCD00B500F881BD /* Fonts */,
				CE85EAFF2CCCFA0E00F881BD /* Extensions */,
			);
			path = Utils;
			sourceTree = "<group>";
		};
		CE85EAF82CCCF89E00F881BD /* Login */ = {
			isa = PBXGroup;
			children = (
				CE85EB032CCCFC3C00F881BD /* LoginView.swift */,
				CE85EB0F2CCD06A700F881BD /* LoginViewModel.swift */,
			);
			path = Login;
			sourceTree = "<group>";
		};
		CE85EAF92CCCF8A400F881BD /* Signup */ = {
			isa = PBXGroup;
			children = (
				CE85EB132CCD28A300F881BD /* SignupView.swift */,
				CEF164712CCF88F900D7E10C /* SignupViewModel.swift */,
			);
			path = Signup;
			sourceTree = "<group>";
		};
		CE85EAFF2CCCFA0E00F881BD /* Extensions */ = {
			isa = PBXGroup;
			children = (
				CE85EB002CCCFA1A00F881BD /* Colors.swift */,
				CE85EB092CCD019000F881BD /* Fonts.swift */,
			);
			path = Extensions;
			sourceTree = "<group>";
		};
		CE85EB022CCCFC0E00F881BD /* Auth */ = {
			isa = PBXGroup;
			children = (
				CE85EAF82CCCF89E00F881BD /* Login */,
				CE85EAF92CCCF8A400F881BD /* Signup */,
			);
			path = Auth;
			sourceTree = "<group>";
		};
		CE85EB072CCD00B500F881BD /* Fonts */ = {
			isa = PBXGroup;
			children = (
				CE85EB052CCD004000F881BD /* DMSans.ttf */,
			);
			path = Fonts;
			sourceTree = "<group>";
		};
		CEA5A9462D68C3010069341A /* Profile */ = {
			isa = PBXGroup;
			children = (
				CEA5A9472D68C31C0069341A /* ProfileView.swift */,
				CEA5A9572D6F0E270069341A /* ProfileViewModel.swift */,
				CEA5A95D2D75E0DA0069341A /* EditProfileView.swift */,
			);
			path = Profile;
			sourceTree = "<group>";
		};
		CEA5A9542D6C63800069341A /* Firebase */ = {
			isa = PBXGroup;
			children = (
				CEA5A9552D6C64CE0069341A /* FirebaseService.swift */,
			);
			path = Firebase;
			sourceTree = "<group>";
		};
		CEB636D72D3156AB0071C71E /* Shoppinng Cart */ = {
			isa = PBXGroup;
			children = (
				CEB636D82D3156D60071C71E /* ShoppingCartView.swift */,
				CEB636DA2D3159C00071C71E /* PurchasedProductsViewModel.swift */,
				CE6BAD962D32AB69000FE697 /* PurchasedItem.swift */,
			);
			path = "Shoppinng Cart";
			sourceTree = "<group>";
		};
		CEC3463C2D5B8540001E5513 /* Routing */ = {
			isa = PBXGroup;
			children = (
				CEC3463D2D5B8552001E5513 /* Router.swift */,
			);
			path = Routing;
			sourceTree = "<group>";
		};
		CEC613DD2CD65B6A00E96754 /* Explore Products */ = {
			isa = PBXGroup;
			children = (
				CEC613DE2CD65B9600E96754 /* ExploreProductsView.swift */,
				CEC613E22CD65CFF00E96754 /* ExploreProductsViewModel.swift */,
			);
			path = "Explore Products";
			sourceTree = "<group>";
		};
		CEE9BCF72CDA50E700315663 /* Product Detail */ = {
			isa = PBXGroup;
			children = (
				CEE9BCF82CDA510500315663 /* ProductDetailView.swift */,
				CE3E9DE02CDA9BFB004386DE /* ProductDetailViewModel.swift */,
				CEB636DC2D315DCB0071C71E /* ProductDetail.swift */,
			);
			path = "Product Detail";
			sourceTree = "<group>";
		};
		CEF1646B2CCF85FA00D7E10C /* Enums */ = {
			isa = PBXGroup;
			children = (
				CEF1646C2CCF860900D7E10C /* ScreenSizes.swift */,
				CEFFB1DA2CD0EF76008407A8 /* Destination.swift */,
				CEB9363E2D1055EE004BF5D7 /* SortOption.swift */,
			);
			path = Enums;
			sourceTree = "<group>";
		};
		CEF164792CCF933C00D7E10C /* Home */ = {
			isa = PBXGroup;
			children = (
				CEF1647A2CCF938600D7E10C /* HomeView.swift */,
				CE2998D32CD02A01007EF591 /* HomeViewModel.swift */,
				CE7C986D2D09B98C00F52BA6 /* Headphone.swift */,
			);
			path = Home;
			sourceTree = "<group>";
		};
		CEFFB1DC2CD0EFD3008407A8 /* Search */ = {
			isa = PBXGroup;
			children = (
				CEFFB1DD2CD0EFF0008407A8 /* SearchView.swift */,
				CEC385FF2CD2CFC500A662BD /* SearchViewModel.swift */,
			);
			path = Search;
			sourceTree = "<group>";
		};
/* End PBXGroup section */

/* Begin PBXNativeTarget section */
		CE85EADF2CCCF4C400F881BD /* E-Commerce */ = {
			isa = PBXNativeTarget;
			buildConfigurationList = CE85EAEE2CCCF4C800F881BD /* Build configuration list for PBXNativeTarget "E-Commerce" */;
			buildPhases = (
				CE85EADC2CCCF4C400F881BD /* Sources */,
				CE85EADD2CCCF4C400F881BD /* Frameworks */,
				CE85EADE2CCCF4C400F881BD /* Resources */,
			);
			buildRules = (
			);
			dependencies = (
			);
			name = "E-Commerce";
			packageProductDependencies = (
				CE7C986B2D09B47600F52BA6 /* Alamofire */,
				CE7C98702D0A22FB00F52BA6 /* Kingfisher */,
				CEA5A94A2D6C62DE0069341A /* FirebaseAuth */,
				CEA5A94C2D6C62DE0069341A /* FirebaseCore */,
				CEA5A94E2D6C62DE0069341A /* FirebaseDatabase */,
				CEA5A9502D6C62DE0069341A /* FirebaseFirestore */,
				CEA5A9522D6C62DE0069341A /* FirebaseStorage */,
			);
			productName = "E-Commerce";
			productReference = CE85EAE02CCCF4C400F881BD /* E-Commerce.app */;
			productType = "com.apple.product-type.application";
		};
/* End PBXNativeTarget section */

/* Begin PBXProject section */
		CE85EAD82CCCF4C400F881BD /* Project object */ = {
			isa = PBXProject;
			attributes = {
				BuildIndependentTargetsInParallel = 1;
				LastSwiftUpdateCheck = 1540;
				LastUpgradeCheck = 1540;
				TargetAttributes = {
					CE85EADF2CCCF4C400F881BD = {
						CreatedOnToolsVersion = 15.4;
					};
				};
			};
			buildConfigurationList = CE85EADB2CCCF4C400F881BD /* Build configuration list for PBXProject "E-Commerce" */;
			compatibilityVersion = "Xcode 14.0";
			developmentRegion = en;
			hasScannedForEncodings = 0;
			knownRegions = (
				en,
				Base,
			);
			mainGroup = CE85EAD72CCCF4C400F881BD;
			packageReferences = (
				CE7C986A2D09B47600F52BA6 /* XCRemoteSwiftPackageReference "Alamofire" */,
				CE7C986F2D0A22FB00F52BA6 /* XCRemoteSwiftPackageReference "Kingfisher" */,
				CEA5A9492D6C62DD0069341A /* XCRemoteSwiftPackageReference "firebase-ios-sdk" */,
			);
			productRefGroup = CE85EAE12CCCF4C400F881BD /* Products */;
			projectDirPath = "";
			projectRoot = "";
			targets = (
				CE85EADF2CCCF4C400F881BD /* E-Commerce */,
			);
		};
/* End PBXProject section */

/* Begin PBXResourcesBuildPhase section */
		CE85EADE2CCCF4C400F881BD /* Resources */ = {
			isa = PBXResourcesBuildPhase;
			buildActionMask = 2147483647;
			files = (
				CE85EAFC2CCCF8F900F881BD /* Images.xcassets in Resources */,
				CE85EB062CCD004000F881BD /* DMSans.ttf in Resources */,
				CE85EAFE2CCCF91400F881BD /* Colors.xcassets in Resources */,
				CE85EAEB2CCCF4C800F881BD /* Preview Assets.xcassets in Resources */,
				CE85EAE82CCCF4C800F881BD /* Assets.xcassets in Resources */,
				CEA5A95C2D7046B60069341A /* GoogleService-Info.plist in Resources */,
			);
			runOnlyForDeploymentPostprocessing = 0;
		};
/* End PBXResourcesBuildPhase section */

/* Begin PBXSourcesBuildPhase section */
		CE85EADC2CCCF4C400F881BD /* Sources */ = {
			isa = PBXSourcesBuildPhase;
			buildActionMask = 2147483647;
			files = (
				CE85EAE62CCCF4C400F881BD /* ContentView.swift in Sources */,
				CEFFB1DE2CD0EFF0008407A8 /* SearchView.swift in Sources */,
				CE7C98692D09B3B400F52BA6 /* ECommerceService.swift in Sources */,
				CEF1646D2CCF860900D7E10C /* ScreenSizes.swift in Sources */,
				CEC3463E2D5B8552001E5513 /* Router.swift in Sources */,
				CE6BAD972D32AB69000FE697 /* PurchasedItem.swift in Sources */,
				CEA5A9482D68C31C0069341A /* ProfileView.swift in Sources */,
				CE2998DA2CD02F16007EF591 /* CategoryList.swift in Sources */,
				CE85EB0A2CCD019000F881BD /* Fonts.swift in Sources */,
				CEB9363F2D1055EE004BF5D7 /* SortOption.swift in Sources */,
				CEA5A95E2D75E0DA0069341A /* EditProfileView.swift in Sources */,
				CEC613E32CD65CFF00E96754 /* ExploreProductsViewModel.swift in Sources */,
				CE85EB102CCD06A700F881BD /* LoginViewModel.swift in Sources */,
				CE85EB012CCCFA1A00F881BD /* Colors.swift in Sources */,
				CEFFB1D92CD0E9ED008407A8 /* SmallBanner.swift in Sources */,
				CEC613DF2CD65B9600E96754 /* ExploreProductsView.swift in Sources */,
				CE85EB142CCD28A300F881BD /* SignupView.swift in Sources */,
				CEF164742CCF8E7200D7E10C /* AuthButton.swift in Sources */,
				CE2998D82CD02AFA007EF591 /* InputText.swift in Sources */,
				CEC613E52CD66A9700E96754 /* Filter.swift in Sources */,
				CEF164722CCF88F900D7E10C /* SignupViewModel.swift in Sources */,
				CEC385F82CD2C69100A662BD /* InputTextField.swift in Sources */,
				CE2998D42CD02A01007EF591 /* HomeViewModel.swift in Sources */,
				CE6BAD992D32AD6C000FE697 /* ShoppingCart.swift in Sources */,
				CEA5A9562D6C64CE0069341A /* FirebaseService.swift in Sources */,
				CE85EB122CCD0B8100F881BD /* PrimaryButton.swift in Sources */,
				CEB636DD2D315DCB0071C71E /* ProductDetail.swift in Sources */,
				CEB636DB2D3159C00071C71E /* PurchasedProductsViewModel.swift in Sources */,
				CEC386002CD2CFC500A662BD /* SearchViewModel.swift in Sources */,
				CE7C986E2D09B98C00F52BA6 /* Headphone.swift in Sources */,
				CEB636D92D3156D60071C71E /* ShoppingCartView.swift in Sources */,
				CEF1647B2CCF938600D7E10C /* HomeView.swift in Sources */,
				CE3E9DE32CDAA36F004386DE /* Review.swift in Sources */,
				CEFFB1DB2CD0EF76008407A8 /* Destination.swift in Sources */,
				CE3E9DE12CDA9BFB004386DE /* ProductDetailViewModel.swift in Sources */,
				CEE9BCF92CDA510500315663 /* ProductDetailView.swift in Sources */,
				CE2998DC2CD03192007EF591 /* Banner.swift in Sources */,
				CEA5A9582D6F0E270069341A /* ProfileViewModel.swift in Sources */,
				CE85EB042CCCFC3C00F881BD /* LoginView.swift in Sources */,
				CE85EAE42CCCF4C400F881BD /* E_CommerceApp.swift in Sources */,
			);
			runOnlyForDeploymentPostprocessing = 0;
		};
/* End PBXSourcesBuildPhase section */

/* Begin XCBuildConfiguration section */
		CE85EAEC2CCCF4C800F881BD /* Debug */ = {
			isa = XCBuildConfiguration;
			buildSettings = {
				ALWAYS_SEARCH_USER_PATHS = NO;
				ASSETCATALOG_COMPILER_GENERATE_SWIFT_ASSET_SYMBOL_EXTENSIONS = YES;
				CLANG_ANALYZER_NONNULL = YES;
				CLANG_ANALYZER_NUMBER_OBJECT_CONVERSION = YES_AGGRESSIVE;
				CLANG_CXX_LANGUAGE_STANDARD = "gnu++20";
				CLANG_ENABLE_MODULES = YES;
				CLANG_ENABLE_OBJC_ARC = YES;
				CLANG_ENABLE_OBJC_WEAK = YES;
				CLANG_WARN_BLOCK_CAPTURE_AUTORELEASING = YES;
				CLANG_WARN_BOOL_CONVERSION = YES;
				CLANG_WARN_COMMA = YES;
				CLANG_WARN_CONSTANT_CONVERSION = YES;
				CLANG_WARN_DEPRECATED_OBJC_IMPLEMENTATIONS = YES;
				CLANG_WARN_DIRECT_OBJC_ISA_USAGE = YES_ERROR;
				CLANG_WARN_DOCUMENTATION_COMMENTS = YES;
				CLANG_WARN_EMPTY_BODY = YES;
				CLANG_WARN_ENUM_CONVERSION = YES;
				CLANG_WARN_INFINITE_RECURSION = YES;
				CLANG_WARN_INT_CONVERSION = YES;
				CLANG_WARN_NON_LITERAL_NULL_CONVERSION = YES;
				CLANG_WARN_OBJC_IMPLICIT_RETAIN_SELF = YES;
				CLANG_WARN_OBJC_LITERAL_CONVERSION = YES;
				CLANG_WARN_OBJC_ROOT_CLASS = YES_ERROR;
				CLANG_WARN_QUOTED_INCLUDE_IN_FRAMEWORK_HEADER = YES;
				CLANG_WARN_RANGE_LOOP_ANALYSIS = YES;
				CLANG_WARN_STRICT_PROTOTYPES = YES;
				CLANG_WARN_SUSPICIOUS_MOVE = YES;
				CLANG_WARN_UNGUARDED_AVAILABILITY = YES_AGGRESSIVE;
				CLANG_WARN_UNREACHABLE_CODE = YES;
				CLANG_WARN__DUPLICATE_METHOD_MATCH = YES;
				COPY_PHASE_STRIP = NO;
				DEBUG_INFORMATION_FORMAT = dwarf;
				ENABLE_STRICT_OBJC_MSGSEND = YES;
				ENABLE_TESTABILITY = YES;
				ENABLE_USER_SCRIPT_SANDBOXING = YES;
				GCC_C_LANGUAGE_STANDARD = gnu17;
				GCC_DYNAMIC_NO_PIC = NO;
				GCC_NO_COMMON_BLOCKS = YES;
				GCC_OPTIMIZATION_LEVEL = 0;
				GCC_PREPROCESSOR_DEFINITIONS = (
					"DEBUG=1",
					"$(inherited)",
				);
				GCC_WARN_64_TO_32_BIT_CONVERSION = YES;
				GCC_WARN_ABOUT_RETURN_TYPE = YES_ERROR;
				GCC_WARN_UNDECLARED_SELECTOR = YES;
				GCC_WARN_UNINITIALIZED_AUTOS = YES_AGGRESSIVE;
				GCC_WARN_UNUSED_FUNCTION = YES;
				GCC_WARN_UNUSED_VARIABLE = YES;
				IPHONEOS_DEPLOYMENT_TARGET = 17.5;
				LOCALIZATION_PREFERS_STRING_CATALOGS = YES;
				MTL_ENABLE_DEBUG_INFO = INCLUDE_SOURCE;
				MTL_FAST_MATH = YES;
				ONLY_ACTIVE_ARCH = YES;
				SDKROOT = iphoneos;
				SWIFT_ACTIVE_COMPILATION_CONDITIONS = "DEBUG $(inherited)";
				SWIFT_OPTIMIZATION_LEVEL = "-Onone";
			};
			name = Debug;
		};
		CE85EAED2CCCF4C800F881BD /* Release */ = {
			isa = XCBuildConfiguration;
			buildSettings = {
				ALWAYS_SEARCH_USER_PATHS = NO;
				ASSETCATALOG_COMPILER_GENERATE_SWIFT_ASSET_SYMBOL_EXTENSIONS = YES;
				CLANG_ANALYZER_NONNULL = YES;
				CLANG_ANALYZER_NUMBER_OBJECT_CONVERSION = YES_AGGRESSIVE;
				CLANG_CXX_LANGUAGE_STANDARD = "gnu++20";
				CLANG_ENABLE_MODULES = YES;
				CLANG_ENABLE_OBJC_ARC = YES;
				CLANG_ENABLE_OBJC_WEAK = YES;
				CLANG_WARN_BLOCK_CAPTURE_AUTORELEASING = YES;
				CLANG_WARN_BOOL_CONVERSION = YES;
				CLANG_WARN_COMMA = YES;
				CLANG_WARN_CONSTANT_CONVERSION = YES;
				CLANG_WARN_DEPRECATED_OBJC_IMPLEMENTATIONS = YES;
				CLANG_WARN_DIRECT_OBJC_ISA_USAGE = YES_ERROR;
				CLANG_WARN_DOCUMENTATION_COMMENTS = YES;
				CLANG_WARN_EMPTY_BODY = YES;
				CLANG_WARN_ENUM_CONVERSION = YES;
				CLANG_WARN_INFINITE_RECURSION = YES;
				CLANG_WARN_INT_CONVERSION = YES;
				CLANG_WARN_NON_LITERAL_NULL_CONVERSION = YES;
				CLANG_WARN_OBJC_IMPLICIT_RETAIN_SELF = YES;
				CLANG_WARN_OBJC_LITERAL_CONVERSION = YES;
				CLANG_WARN_OBJC_ROOT_CLASS = YES_ERROR;
				CLANG_WARN_QUOTED_INCLUDE_IN_FRAMEWORK_HEADER = YES;
				CLANG_WARN_RANGE_LOOP_ANALYSIS = YES;
				CLANG_WARN_STRICT_PROTOTYPES = YES;
				CLANG_WARN_SUSPICIOUS_MOVE = YES;
				CLANG_WARN_UNGUARDED_AVAILABILITY = YES_AGGRESSIVE;
				CLANG_WARN_UNREACHABLE_CODE = YES;
				CLANG_WARN__DUPLICATE_METHOD_MATCH = YES;
				COPY_PHASE_STRIP = NO;
				DEBUG_INFORMATION_FORMAT = "dwarf-with-dsym";
				ENABLE_NS_ASSERTIONS = NO;
				ENABLE_STRICT_OBJC_MSGSEND = YES;
				ENABLE_USER_SCRIPT_SANDBOXING = YES;
				GCC_C_LANGUAGE_STANDARD = gnu17;
				GCC_NO_COMMON_BLOCKS = YES;
				GCC_WARN_64_TO_32_BIT_CONVERSION = YES;
				GCC_WARN_ABOUT_RETURN_TYPE = YES_ERROR;
				GCC_WARN_UNDECLARED_SELECTOR = YES;
				GCC_WARN_UNINITIALIZED_AUTOS = YES_AGGRESSIVE;
				GCC_WARN_UNUSED_FUNCTION = YES;
				GCC_WARN_UNUSED_VARIABLE = YES;
				IPHONEOS_DEPLOYMENT_TARGET = 17.5;
				LOCALIZATION_PREFERS_STRING_CATALOGS = YES;
				MTL_ENABLE_DEBUG_INFO = NO;
				MTL_FAST_MATH = YES;
				SDKROOT = iphoneos;
				SWIFT_COMPILATION_MODE = wholemodule;
				VALIDATE_PRODUCT = YES;
			};
			name = Release;
		};
		CE85EAEF2CCCF4C800F881BD /* Debug */ = {
			isa = XCBuildConfiguration;
			buildSettings = {
				ASSETCATALOG_COMPILER_APPICON_NAME = AppIcon;
				ASSETCATALOG_COMPILER_GLOBAL_ACCENT_COLOR_NAME = AccentColor;
				CODE_SIGN_STYLE = Automatic;
				CURRENT_PROJECT_VERSION = 1;
				DEVELOPMENT_ASSET_PATHS = "\"E-Commerce/Preview Content\"";
				DEVELOPMENT_TEAM = L3FSH6376S;
				ENABLE_PREVIEWS = YES;
				GENERATE_INFOPLIST_FILE = YES;
				INFOPLIST_FILE = "E-Commerce/Info.plist";
				INFOPLIST_KEY_UIApplicationSceneManifest_Generation = YES;
				INFOPLIST_KEY_UIApplicationSupportsIndirectInputEvents = YES;
				INFOPLIST_KEY_UILaunchScreen_Generation = YES;
				INFOPLIST_KEY_UISupportedInterfaceOrientations_iPad = "UIInterfaceOrientationPortrait UIInterfaceOrientationPortraitUpsideDown UIInterfaceOrientationLandscapeLeft UIInterfaceOrientationLandscapeRight";
				INFOPLIST_KEY_UISupportedInterfaceOrientations_iPhone = "UIInterfaceOrientationPortrait UIInterfaceOrientationLandscapeLeft UIInterfaceOrientationLandscapeRight";
				LD_RUNPATH_SEARCH_PATHS = (
					"$(inherited)",
					"@executable_path/Frameworks",
				);
				MARKETING_VERSION = 1.0;
				PRODUCT_BUNDLE_IDENTIFIER = "com.berkayyaman.E-Commerce";
				PRODUCT_NAME = "$(TARGET_NAME)";
				SWIFT_EMIT_LOC_STRINGS = YES;
				SWIFT_VERSION = 5.0;
				TARGETED_DEVICE_FAMILY = "1,2";
			};
			name = Debug;
		};
		CE85EAF02CCCF4C800F881BD /* Release */ = {
			isa = XCBuildConfiguration;
			buildSettings = {
				ASSETCATALOG_COMPILER_APPICON_NAME = AppIcon;
				ASSETCATALOG_COMPILER_GLOBAL_ACCENT_COLOR_NAME = AccentColor;
				CODE_SIGN_STYLE = Automatic;
				CURRENT_PROJECT_VERSION = 1;
				DEVELOPMENT_ASSET_PATHS = "\"E-Commerce/Preview Content\"";
				DEVELOPMENT_TEAM = L3FSH6376S;
				ENABLE_PREVIEWS = YES;
				GENERATE_INFOPLIST_FILE = YES;
				INFOPLIST_FILE = "E-Commerce/Info.plist";
				INFOPLIST_KEY_UIApplicationSceneManifest_Generation = YES;
				INFOPLIST_KEY_UIApplicationSupportsIndirectInputEvents = YES;
				INFOPLIST_KEY_UILaunchScreen_Generation = YES;
				INFOPLIST_KEY_UISupportedInterfaceOrientations_iPad = "UIInterfaceOrientationPortrait UIInterfaceOrientationPortraitUpsideDown UIInterfaceOrientationLandscapeLeft UIInterfaceOrientationLandscapeRight";
				INFOPLIST_KEY_UISupportedInterfaceOrientations_iPhone = "UIInterfaceOrientationPortrait UIInterfaceOrientationLandscapeLeft UIInterfaceOrientationLandscapeRight";
				LD_RUNPATH_SEARCH_PATHS = (
					"$(inherited)",
					"@executable_path/Frameworks",
				);
				MARKETING_VERSION = 1.0;
				PRODUCT_BUNDLE_IDENTIFIER = "com.berkayyaman.E-Commerce";
				PRODUCT_NAME = "$(TARGET_NAME)";
				SWIFT_EMIT_LOC_STRINGS = YES;
				SWIFT_VERSION = 5.0;
				TARGETED_DEVICE_FAMILY = "1,2";
			};
			name = Release;
		};
/* End XCBuildConfiguration section */

/* Begin XCConfigurationList section */
		CE85EADB2CCCF4C400F881BD /* Build configuration list for PBXProject "E-Commerce" */ = {
			isa = XCConfigurationList;
			buildConfigurations = (
				CE85EAEC2CCCF4C800F881BD /* Debug */,
				CE85EAED2CCCF4C800F881BD /* Release */,
			);
			defaultConfigurationIsVisible = 0;
			defaultConfigurationName = Release;
		};
		CE85EAEE2CCCF4C800F881BD /* Build configuration list for PBXNativeTarget "E-Commerce" */ = {
			isa = XCConfigurationList;
			buildConfigurations = (
				CE85EAEF2CCCF4C800F881BD /* Debug */,
				CE85EAF02CCCF4C800F881BD /* Release */,
			);
			defaultConfigurationIsVisible = 0;
			defaultConfigurationName = Release;
		};
/* End XCConfigurationList section */

/* Begin XCRemoteSwiftPackageReference section */
		CE7C986A2D09B47600F52BA6 /* XCRemoteSwiftPackageReference "Alamofire" */ = {
			isa = XCRemoteSwiftPackageReference;
			repositoryURL = "https://github.com/Alamofire/Alamofire.git";
			requirement = {
				kind = upToNextMajorVersion;
				minimumVersion = 5.10.2;
			};
		};
		CE7C986F2D0A22FB00F52BA6 /* XCRemoteSwiftPackageReference "Kingfisher" */ = {
			isa = XCRemoteSwiftPackageReference;
			repositoryURL = "https://github.com/onevcat/Kingfisher";
			requirement = {
				kind = upToNextMajorVersion;
				minimumVersion = 8.1.2;
			};
		};
		CEA5A9492D6C62DD0069341A /* XCRemoteSwiftPackageReference "firebase-ios-sdk" */ = {
			isa = XCRemoteSwiftPackageReference;
			repositoryURL = "https://github.com/firebase/firebase-ios-sdk";
			requirement = {
				kind = upToNextMajorVersion;
				minimumVersion = 11.8.1;
			};
		};
/* End XCRemoteSwiftPackageReference section */

/* Begin XCSwiftPackageProductDependency section */
		CE7C986B2D09B47600F52BA6 /* Alamofire */ = {
			isa = XCSwiftPackageProductDependency;
			package = CE7C986A2D09B47600F52BA6 /* XCRemoteSwiftPackageReference "Alamofire" */;
			productName = Alamofire;
		};
		CE7C98702D0A22FB00F52BA6 /* Kingfisher */ = {
			isa = XCSwiftPackageProductDependency;
			package = CE7C986F2D0A22FB00F52BA6 /* XCRemoteSwiftPackageReference "Kingfisher" */;
			productName = Kingfisher;
		};
		CEA5A94A2D6C62DE0069341A /* FirebaseAuth */ = {
			isa = XCSwiftPackageProductDependency;
			package = CEA5A9492D6C62DD0069341A /* XCRemoteSwiftPackageReference "firebase-ios-sdk" */;
			productName = FirebaseAuth;
		};
		CEA5A94C2D6C62DE0069341A /* FirebaseCore */ = {
			isa = XCSwiftPackageProductDependency;
			package = CEA5A9492D6C62DD0069341A /* XCRemoteSwiftPackageReference "firebase-ios-sdk" */;
			productName = FirebaseCore;
		};
		CEA5A94E2D6C62DE0069341A /* FirebaseDatabase */ = {
			isa = XCSwiftPackageProductDependency;
			package = CEA5A9492D6C62DD0069341A /* XCRemoteSwiftPackageReference "firebase-ios-sdk" */;
			productName = FirebaseDatabase;
		};
		CEA5A9502D6C62DE0069341A /* FirebaseFirestore */ = {
			isa = XCSwiftPackageProductDependency;
			package = CEA5A9492D6C62DD0069341A /* XCRemoteSwiftPackageReference "firebase-ios-sdk" */;
			productName = FirebaseFirestore;
		};
		CEA5A9522D6C62DE0069341A /* FirebaseStorage */ = {
			isa = XCSwiftPackageProductDependency;
			package = CEA5A9492D6C62DD0069341A /* XCRemoteSwiftPackageReference "firebase-ios-sdk" */;
			productName = FirebaseStorage;
		};
/* End XCSwiftPackageProductDependency section */
	};
	rootObject = CE85EAD82CCCF4C400F881BD /* Project object */;
}
